
Microsoft Visual Studio Solution File, Format Version 12.00
# Visual Studio Version 17
VisualStudioVersion = 17.8.34330.188
MinimumVisualStudioVersion = 10.0.40219.1
Project("{FAE04EC0-301F-11D3-BF4B-00C04F79EFBC}") = "Hackthonapp", "Hackthonapp\Hackthonapp.csproj", "{C72A54EB-2EAE-4D5D-B9F0-C46740212D99}"
EndProject
Global
	GlobalSection(SolutionConfigurationPlatforms) = preSolution
		Debug|Any CPU = Debug|Any CPU
		Release|Any CPU = Release|Any CPU
	EndGlobalSection
	GlobalSection(ProjectConfigurationPlatforms) = postSolution
		{C72A54EB-2EAE-4D5D-B9F0-C46740212D99}.Debug|Any CPU.ActiveCfg = Debug|Any CPU
		{C72A54EB-2EAE-4D5D-B9F0-C46740212D99}.Debug|Any CPU.Build.0 = Debug|Any CPU
		{C72A54EB-2EAE-4D5D-B9F0-C46740212D99}.Release|Any CPU.ActiveCfg = Release|Any CPU
		{C72A54EB-2EAE-4D5D-B9F0-C46740212D99}.Release|Any CPU.Build.0 = Release|Any CPU
	EndGlobalSection
	GlobalSection(SolutionProperties) = preSolution
		HideSolutionNode = FALSE
	EndGlobalSection
	GlobalSection(ExtensibilityGlobals) = postSolution
		SolutionGuid = {F41CF33A-C643-421D-A9E4-7A2A86A9FFFC}
	EndGlobalSection
EndGlobal
